<?xml version="1.0" encoding="UTF-8"?>
<CodeBlocks_project_file>
	<FileVersion major="1" minor="6"/>
	<Project>
		<Option title="nibbler"/>
		<Option makefile_is_custom="1"/>
		<Option compiler="gcc"/>
		<Option virtualFolders="CMake Files\;"/>
		<Build>
			<Target title="all">
				<Option working_dir="/Users/alexandreroulin/work/nibbler"/>
				<Option type="4"/>
				<MakeCommands>
					<Build command="/usr/bin/make -j8 -f &quot;/Users/alexandreroulin/work/nibbler/Makefile&quot;  VERBOSE=1 all"/>
					<CompileFile command="/usr/bin/make -j8 -f &quot;/Users/alexandreroulin/work/nibbler/Makefile&quot;  VERBOSE=1 &quot;$file&quot;"/>
					<Clean command="/usr/bin/make -j8 -f &quot;/Users/alexandreroulin/work/nibbler/Makefile&quot;  VERBOSE=1 clean"/>
					<DistClean command="/usr/bin/make -j8 -f &quot;/Users/alexandreroulin/work/nibbler/Makefile&quot;  VERBOSE=1 clean"/>
				</MakeCommands>
			</Target>
			<Target title="rebuild_cache">
				<Option working_dir="/Users/alexandreroulin/work/nibbler"/>
				<Option type="4"/>
				<MakeCommands>
					<Build command="/usr/bin/make -j8 -f &quot;/Users/alexandreroulin/work/nibbler/Makefile&quot;  VERBOSE=1 rebuild_cache"/>
					<CompileFile command="/usr/bin/make -j8 -f &quot;/Users/alexandreroulin/work/nibbler/Makefile&quot;  VERBOSE=1 &quot;$file&quot;"/>
					<Clean command="/usr/bin/make -j8 -f &quot;/Users/alexandreroulin/work/nibbler/Makefile&quot;  VERBOSE=1 clean"/>
					<DistClean command="/usr/bin/make -j8 -f &quot;/Users/alexandreroulin/work/nibbler/Makefile&quot;  VERBOSE=1 clean"/>
				</MakeCommands>
			</Target>
			<Target title="edit_cache">
				<Option working_dir="/Users/alexandreroulin/work/nibbler"/>
				<Option type="4"/>
				<MakeCommands>
					<Build command="/usr/bin/make -j8 -f &quot;/Users/alexandreroulin/work/nibbler/Makefile&quot;  VERBOSE=1 edit_cache"/>
					<CompileFile command="/usr/bin/make -j8 -f &quot;/Users/alexandreroulin/work/nibbler/Makefile&quot;  VERBOSE=1 &quot;$file&quot;"/>
					<Clean command="/usr/bin/make -j8 -f &quot;/Users/alexandreroulin/work/nibbler/Makefile&quot;  VERBOSE=1 clean"/>
					<DistClean command="/usr/bin/make -j8 -f &quot;/Users/alexandreroulin/work/nibbler/Makefile&quot;  VERBOSE=1 clean"/>
				</MakeCommands>
			</Target>
			<Target title="nibbler">
				<Option output="/Users/alexandreroulin/work/nibbler/nibbler" prefix_auto="0" extension_auto="0"/>
				<Option working_dir="/Users/alexandreroulin/work/nibbler"/>
				<Option object_output="./"/>
				<Option type="1"/>
				<Option compiler="gcc"/>
				<Compiler>
					<Add directory="/Users/alexandreroulin/work/nibbler/externlib/commun"/>
					<Add directory="/Users/alexandreroulin/work/nibbler/externlib/display_sdl/include"/>
					<Add directory="/Users/alexandreroulin/work/nibbler/externlib/display_sfml/include"/>
					<Add directory="/Users/alexandreroulin/work/nibbler/externlib/sound_sdl/include"/>
					<Add directory="/Users/alexandreroulin/work/nibbler/externlib/sound_sfml/include"/>
					<Add directory="/Users/alexandreroulin/work/nibbler/imgui-sfml"/>
					<Add directory="/Users/alexandreroulin/work/nibbler/incs"/>
					<Add directory="/Users/alexandreroulin/work/nibbler/jsoncpp/include"/>
					<Add directory="/Users/alexandreroulin/work/nibbler/jsoncpp/include/json"/>
					<Add directory="/Users/alexandreroulin/work/nibbler/jsoncpp/src/lib_json"/>
					<Add directory="/Users/alexandreroulin/work/nibbler/jsoncpp/src/test_lib_json"/>
					<Add directory="/Users/alexandreroulin/work/nibbler/srcs"/>
					<Add directory="/Users/alexandreroulin/work/nibbler/srcs/component"/>
					<Add directory="/Users/alexandreroulin/work/nibbler/srcs/events"/>
					<Add directory="/Users/alexandreroulin/work/nibbler/srcs/factory"/>
					<Add directory="/Users/alexandreroulin/work/nibbler/srcs/gui"/>
					<Add directory="/Users/alexandreroulin/work/nibbler/srcs/gui/widget"/>
					<Add directory="/Users/alexandreroulin/work/nibbler/srcs/KINU"/>
					<Add directory="/Users/alexandreroulin/work/nibbler/srcs/network"/>
					<Add directory="/Users/alexandreroulin/work/nibbler/srcs/systems"/>
					<Add directory="/Library/Developer/CommandLineTools/usr/include/c++/v1"/>
					<Add directory="/usr/local/include"/>
					<Add directory="/Library/Developer/CommandLineTools/usr/lib/clang/10.0.0/include"/>
					<Add directory="/Library/Developer/CommandLineTools/usr/include"/>
					<Add directory="/usr/include"/>
					<Add directory="/System/Library/Frameworks"/>
					<Add directory="/Library/Frameworks"/>
				</Compiler>
				<MakeCommands>
					<Build command="/usr/bin/make -j8 -f &quot;/Users/alexandreroulin/work/nibbler/Makefile&quot;  VERBOSE=1 nibbler"/>
					<CompileFile command="/usr/bin/make -j8 -f &quot;/Users/alexandreroulin/work/nibbler/Makefile&quot;  VERBOSE=1 &quot;$file&quot;"/>
					<Clean command="/usr/bin/make -j8 -f &quot;/Users/alexandreroulin/work/nibbler/Makefile&quot;  VERBOSE=1 clean"/>
					<DistClean command="/usr/bin/make -j8 -f &quot;/Users/alexandreroulin/work/nibbler/Makefile&quot;  VERBOSE=1 clean"/>
				</MakeCommands>
			</Target>
			<Target title="nibbler/fast">
				<Option output="/Users/alexandreroulin/work/nibbler/nibbler" prefix_auto="0" extension_auto="0"/>
				<Option working_dir="/Users/alexandreroulin/work/nibbler"/>
				<Option object_output="./"/>
				<Option type="1"/>
				<Option compiler="gcc"/>
				<Compiler>
					<Add directory="/Users/alexandreroulin/work/nibbler/externlib/commun"/>
					<Add directory="/Users/alexandreroulin/work/nibbler/externlib/display_sdl/include"/>
					<Add directory="/Users/alexandreroulin/work/nibbler/externlib/display_sfml/include"/>
					<Add directory="/Users/alexandreroulin/work/nibbler/externlib/sound_sdl/include"/>
					<Add directory="/Users/alexandreroulin/work/nibbler/externlib/sound_sfml/include"/>
					<Add directory="/Users/alexandreroulin/work/nibbler/imgui-sfml"/>
					<Add directory="/Users/alexandreroulin/work/nibbler/incs"/>
					<Add directory="/Users/alexandreroulin/work/nibbler/jsoncpp/include"/>
					<Add directory="/Users/alexandreroulin/work/nibbler/jsoncpp/include/json"/>
					<Add directory="/Users/alexandreroulin/work/nibbler/jsoncpp/src/lib_json"/>
					<Add directory="/Users/alexandreroulin/work/nibbler/jsoncpp/src/test_lib_json"/>
					<Add directory="/Users/alexandreroulin/work/nibbler/srcs"/>
					<Add directory="/Users/alexandreroulin/work/nibbler/srcs/component"/>
					<Add directory="/Users/alexandreroulin/work/nibbler/srcs/events"/>
					<Add directory="/Users/alexandreroulin/work/nibbler/srcs/factory"/>
					<Add directory="/Users/alexandreroulin/work/nibbler/srcs/gui"/>
					<Add directory="/Users/alexandreroulin/work/nibbler/srcs/gui/widget"/>
					<Add directory="/Users/alexandreroulin/work/nibbler/srcs/KINU"/>
					<Add directory="/Users/alexandreroulin/work/nibbler/srcs/network"/>
					<Add directory="/Users/alexandreroulin/work/nibbler/srcs/systems"/>
					<Add directory="/Library/Developer/CommandLineTools/usr/include/c++/v1"/>
					<Add directory="/usr/local/include"/>
					<Add directory="/Library/Developer/CommandLineTools/usr/lib/clang/10.0.0/include"/>
					<Add directory="/Library/Developer/CommandLineTools/usr/include"/>
					<Add directory="/usr/include"/>
					<Add directory="/System/Library/Frameworks"/>
					<Add directory="/Library/Frameworks"/>
				</Compiler>
				<MakeCommands>
					<Build command="/usr/bin/make -j8 -f &quot;/Users/alexandreroulin/work/nibbler/Makefile&quot;  VERBOSE=1 nibbler/fast"/>
					<CompileFile command="/usr/bin/make -j8 -f &quot;/Users/alexandreroulin/work/nibbler/Makefile&quot;  VERBOSE=1 &quot;$file&quot;"/>
					<Clean command="/usr/bin/make -j8 -f &quot;/Users/alexandreroulin/work/nibbler/Makefile&quot;  VERBOSE=1 clean"/>
					<DistClean command="/usr/bin/make -j8 -f &quot;/Users/alexandreroulin/work/nibbler/Makefile&quot;  VERBOSE=1 clean"/>
				</MakeCommands>
			</Target>
		</Build>
		<Unit filename="/Users/alexandreroulin/work/nibbler/externlib/commun/IDisplay.hpp">
			<Option target="nibbler"/>
		</Unit>
		<Unit filename="/Users/alexandreroulin/work/nibbler/externlib/commun/ISound.hpp">
			<Option target="nibbler"/>
		</Unit>
		<Unit filename="/Users/alexandreroulin/work/nibbler/externlib/display_sdl/include/DisplaySdl.hpp">
			<Option target="nibbler"/>
		</Unit>
		<Unit filename="/Users/alexandreroulin/work/nibbler/externlib/display_sdl/src/DisplaySdl.cpp">
			<Option target="nibbler"/>
		</Unit>
		<Unit filename="/Users/alexandreroulin/work/nibbler/externlib/display_sfml/include/DisplaySfml.hpp">
			<Option target="nibbler"/>
		</Unit>
		<Unit filename="/Users/alexandreroulin/work/nibbler/externlib/display_sfml/src/DisplaySfml.cpp">
			<Option target="nibbler"/>
		</Unit>
		<Unit filename="/Users/alexandreroulin/work/nibbler/externlib/sandbox/main.cpp">
			<Option target="nibbler"/>
		</Unit>
		<Unit filename="/Users/alexandreroulin/work/nibbler/externlib/sound_sdl/include/SoundSdl.hpp">
			<Option target="nibbler"/>
		</Unit>
		<Unit filename="/Users/alexandreroulin/work/nibbler/externlib/sound_sdl/src/SoundSdl.cpp">
			<Option target="nibbler"/>
		</Unit>
		<Unit filename="/Users/alexandreroulin/work/nibbler/externlib/sound_sdl/src/main.cpp">
			<Option target="nibbler"/>
		</Unit>
		<Unit filename="/Users/alexandreroulin/work/nibbler/externlib/sound_sfml/include/SoundSfml.hpp">
			<Option target="nibbler"/>
		</Unit>
		<Unit filename="/Users/alexandreroulin/work/nibbler/externlib/sound_sfml/src/SoundSfml.cpp">
			<Option target="nibbler"/>
		</Unit>
		<Unit filename="/Users/alexandreroulin/work/nibbler/externlib/sound_sfml/src/main.cpp">
			<Option target="nibbler"/>
		</Unit>
		<Unit filename="/Users/alexandreroulin/work/nibbler/imgui-sfml/imconfig.h">
			<Option target="nibbler"/>
		</Unit>
		<Unit filename="/Users/alexandreroulin/work/nibbler/imgui-sfml/imgui-SFML.cpp">
			<Option target="nibbler"/>
		</Unit>
		<Unit filename="/Users/alexandreroulin/work/nibbler/imgui-sfml/imgui-SFML.h">
			<Option target="nibbler"/>
		</Unit>
		<Unit filename="/Users/alexandreroulin/work/nibbler/imgui-sfml/imgui.cpp">
			<Option target="nibbler"/>
		</Unit>
		<Unit filename="/Users/alexandreroulin/work/nibbler/imgui-sfml/imgui.h">
			<Option target="nibbler"/>
		</Unit>
		<Unit filename="/Users/alexandreroulin/work/nibbler/imgui-sfml/imgui_demo.cpp">
			<Option target="nibbler"/>
		</Unit>
		<Unit filename="/Users/alexandreroulin/work/nibbler/imgui-sfml/imgui_draw.cpp">
			<Option target="nibbler"/>
		</Unit>
		<Unit filename="/Users/alexandreroulin/work/nibbler/imgui-sfml/imgui_internal.h">
			<Option target="nibbler"/>
		</Unit>
		<Unit filename="/Users/alexandreroulin/work/nibbler/imgui-sfml/imgui_widgets.cpp">
			<Option target="nibbler"/>
		</Unit>
		<Unit filename="/Users/alexandreroulin/work/nibbler/imgui-sfml/imstb_rectpack.h">
			<Option target="nibbler"/>
		</Unit>
		<Unit filename="/Users/alexandreroulin/work/nibbler/imgui-sfml/imstb_textedit.h">
			<Option target="nibbler"/>
		</Unit>
		<Unit filename="/Users/alexandreroulin/work/nibbler/imgui-sfml/imstb_truetype.h">
			<Option target="nibbler"/>
		</Unit>
		<Unit filename="/Users/alexandreroulin/work/nibbler/incs/IWidget.hpp">
			<Option target="nibbler"/>
		</Unit>
		<Unit filename="/Users/alexandreroulin/work/nibbler/incs/logger.h">
			<Option target="nibbler"/>
		</Unit>
		<Unit filename="/Users/alexandreroulin/work/nibbler/incs/logger_utils.h">
			<Option target="nibbler"/>
		</Unit>
		<Unit filename="/Users/alexandreroulin/work/nibbler/incs/nibbler.hpp">
			<Option target="nibbler"/>
		</Unit>
		<Unit filename="/Users/alexandreroulin/work/nibbler/incs/stb_image.h">
			<Option target="nibbler"/>
		</Unit>
		<Unit filename="/Users/alexandreroulin/work/nibbler/jsoncpp/include/json/allocator.h">
			<Option target="nibbler"/>
		</Unit>
		<Unit filename="/Users/alexandreroulin/work/nibbler/jsoncpp/include/json/assertions.h">
			<Option target="nibbler"/>
		</Unit>
		<Unit filename="/Users/alexandreroulin/work/nibbler/jsoncpp/include/json/autolink.h">
			<Option target="nibbler"/>
		</Unit>
		<Unit filename="/Users/alexandreroulin/work/nibbler/jsoncpp/include/json/config.h">
			<Option target="nibbler"/>
		</Unit>
		<Unit filename="/Users/alexandreroulin/work/nibbler/jsoncpp/include/json/features.h">
			<Option target="nibbler"/>
		</Unit>
		<Unit filename="/Users/alexandreroulin/work/nibbler/jsoncpp/include/json/forwards.h">
			<Option target="nibbler"/>
		</Unit>
		<Unit filename="/Users/alexandreroulin/work/nibbler/jsoncpp/include/json/json.h">
			<Option target="nibbler"/>
		</Unit>
		<Unit filename="/Users/alexandreroulin/work/nibbler/jsoncpp/include/json/reader.h">
			<Option target="nibbler"/>
		</Unit>
		<Unit filename="/Users/alexandreroulin/work/nibbler/jsoncpp/include/json/value.h">
			<Option target="nibbler"/>
		</Unit>
		<Unit filename="/Users/alexandreroulin/work/nibbler/jsoncpp/include/json/version.h">
			<Option target="nibbler"/>
		</Unit>
		<Unit filename="/Users/alexandreroulin/work/nibbler/jsoncpp/include/json/writer.h">
			<Option target="nibbler"/>
		</Unit>
		<Unit filename="/Users/alexandreroulin/work/nibbler/jsoncpp/src/jsontestrunner/main.cpp">
			<Option target="nibbler"/>
		</Unit>
		<Unit filename="/Users/alexandreroulin/work/nibbler/jsoncpp/src/lib_json/json_reader.cpp">
			<Option target="nibbler"/>
		</Unit>
		<Unit filename="/Users/alexandreroulin/work/nibbler/jsoncpp/src/lib_json/json_tool.h">
			<Option target="nibbler"/>
		</Unit>
		<Unit filename="/Users/alexandreroulin/work/nibbler/jsoncpp/src/lib_json/json_value.cpp">
			<Option target="nibbler"/>
		</Unit>
		<Unit filename="/Users/alexandreroulin/work/nibbler/jsoncpp/src/lib_json/json_valueiterator.inl">
			<Option target="nibbler"/>
		</Unit>
		<Unit filename="/Users/alexandreroulin/work/nibbler/jsoncpp/src/lib_json/json_writer.cpp">
			<Option target="nibbler"/>
		</Unit>
		<Unit filename="/Users/alexandreroulin/work/nibbler/jsoncpp/src/test_lib_json/jsontest.cpp">
			<Option target="nibbler"/>
		</Unit>
		<Unit filename="/Users/alexandreroulin/work/nibbler/jsoncpp/src/test_lib_json/jsontest.h">
			<Option target="nibbler"/>
		</Unit>
		<Unit filename="/Users/alexandreroulin/work/nibbler/jsoncpp/src/test_lib_json/main.cpp">
			<Option target="nibbler"/>
		</Unit>
		<Unit filename="/Users/alexandreroulin/work/nibbler/srcs/KINU/AbstractPool.hpp">
			<Option target="nibbler"/>
		</Unit>
		<Unit filename="/Users/alexandreroulin/work/nibbler/srcs/KINU/Component.cpp">
			<Option target="nibbler"/>
		</Unit>
		<Unit filename="/Users/alexandreroulin/work/nibbler/srcs/KINU/Component.hpp">
			<Option target="nibbler"/>
		</Unit>
		<Unit filename="/Users/alexandreroulin/work/nibbler/srcs/KINU/Entity.cpp">
			<Option target="nibbler"/>
		</Unit>
		<Unit filename="/Users/alexandreroulin/work/nibbler/srcs/KINU/Entity.hpp">
			<Option target="nibbler"/>
		</Unit>
		<Unit filename="/Users/alexandreroulin/work/nibbler/srcs/KINU/EventManager.cpp">
			<Option target="nibbler"/>
		</Unit>
		<Unit filename="/Users/alexandreroulin/work/nibbler/srcs/KINU/EventManager.hpp">
			<Option target="nibbler"/>
		</Unit>
		<Unit filename="/Users/alexandreroulin/work/nibbler/srcs/KINU/Pool.hpp">
			<Option target="nibbler"/>
		</Unit>
		<Unit filename="/Users/alexandreroulin/work/nibbler/srcs/KINU/Signature.cpp">
			<Option target="nibbler"/>
		</Unit>
		<Unit filename="/Users/alexandreroulin/work/nibbler/srcs/KINU/Signature.hpp">
			<Option target="nibbler"/>
		</Unit>
		<Unit filename="/Users/alexandreroulin/work/nibbler/srcs/KINU/System.cpp">
			<Option target="nibbler"/>
		</Unit>
		<Unit filename="/Users/alexandreroulin/work/nibbler/srcs/KINU/System.hpp">
			<Option target="nibbler"/>
		</Unit>
		<Unit filename="/Users/alexandreroulin/work/nibbler/srcs/KINU/World.cpp">
			<Option target="nibbler"/>
		</Unit>
		<Unit filename="/Users/alexandreroulin/work/nibbler/srcs/KINU/World.hpp">
			<Option target="nibbler"/>
		</Unit>
		<Unit filename="/Users/alexandreroulin/work/nibbler/srcs/Univers.cpp">
			<Option target="nibbler"/>
		</Unit>
		<Unit filename="/Users/alexandreroulin/work/nibbler/srcs/Univers.hpp">
			<Option target="nibbler"/>
		</Unit>
		<Unit filename="/Users/alexandreroulin/work/nibbler/srcs/component/CollisionComponent.cpp">
			<Option target="nibbler"/>
		</Unit>
		<Unit filename="/Users/alexandreroulin/work/nibbler/srcs/component/CollisionComponent.hpp">
			<Option target="nibbler"/>
		</Unit>
		<Unit filename="/Users/alexandreroulin/work/nibbler/srcs/component/FollowComponent.cpp">
			<Option target="nibbler"/>
		</Unit>
		<Unit filename="/Users/alexandreroulin/work/nibbler/srcs/component/FollowComponent.hpp">
			<Option target="nibbler"/>
		</Unit>
		<Unit filename="/Users/alexandreroulin/work/nibbler/srcs/component/JoystickComponent.cpp">
			<Option target="nibbler"/>
		</Unit>
		<Unit filename="/Users/alexandreroulin/work/nibbler/srcs/component/JoystickComponent.hpp">
			<Option target="nibbler"/>
		</Unit>
		<Unit filename="/Users/alexandreroulin/work/nibbler/srcs/component/MotionComponent.cpp">
			<Option target="nibbler"/>
		</Unit>
		<Unit filename="/Users/alexandreroulin/work/nibbler/srcs/component/MotionComponent.hpp">
			<Option target="nibbler"/>
		</Unit>
		<Unit filename="/Users/alexandreroulin/work/nibbler/srcs/component/PositionComponent.cpp">
			<Option target="nibbler"/>
		</Unit>
		<Unit filename="/Users/alexandreroulin/work/nibbler/srcs/component/PositionComponent.hpp">
			<Option target="nibbler"/>
		</Unit>
		<Unit filename="/Users/alexandreroulin/work/nibbler/srcs/component/SpriteComponent.cpp">
			<Option target="nibbler"/>
		</Unit>
		<Unit filename="/Users/alexandreroulin/work/nibbler/srcs/component/SpriteComponent.hpp">
			<Option target="nibbler"/>
		</Unit>
		<Unit filename="/Users/alexandreroulin/work/nibbler/srcs/cores/main.cpp">
			<Option target="nibbler"/>
		</Unit>
		<Unit filename="/Users/alexandreroulin/work/nibbler/srcs/events/FoodEvent.cpp">
			<Option target="nibbler"/>
		</Unit>
		<Unit filename="/Users/alexandreroulin/work/nibbler/srcs/events/FoodEvent.hpp">
			<Option target="nibbler"/>
		</Unit>
		<Unit filename="/Users/alexandreroulin/work/nibbler/srcs/events/JoystickEvent.cpp">
			<Option target="nibbler"/>
		</Unit>
		<Unit filename="/Users/alexandreroulin/work/nibbler/srcs/events/JoystickEvent.hpp">
			<Option target="nibbler"/>
		</Unit>
		<Unit filename="/Users/alexandreroulin/work/nibbler/srcs/events/StartEvent.cpp">
			<Option target="nibbler"/>
		</Unit>
		<Unit filename="/Users/alexandreroulin/work/nibbler/srcs/events/StartEvent.hpp">
			<Option target="nibbler"/>
		</Unit>
		<Unit filename="/Users/alexandreroulin/work/nibbler/srcs/factory/Factory.cpp">
			<Option target="nibbler"/>
		</Unit>
		<Unit filename="/Users/alexandreroulin/work/nibbler/srcs/factory/Factory.hpp">
			<Option target="nibbler"/>
		</Unit>
		<Unit filename="/Users/alexandreroulin/work/nibbler/srcs/gui/Core.cpp">
			<Option target="nibbler"/>
		</Unit>
		<Unit filename="/Users/alexandreroulin/work/nibbler/srcs/gui/Core.hpp">
			<Option target="nibbler"/>
		</Unit>
		<Unit filename="/Users/alexandreroulin/work/nibbler/srcs/gui/imgui_demo.cpp">
			<Option target="nibbler"/>
		</Unit>
		<Unit filename="/Users/alexandreroulin/work/nibbler/srcs/gui/widget/AWidget.cpp">
			<Option target="nibbler"/>
		</Unit>
		<Unit filename="/Users/alexandreroulin/work/nibbler/srcs/gui/widget/AWidget.hpp">
			<Option target="nibbler"/>
		</Unit>
		<Unit filename="/Users/alexandreroulin/work/nibbler/srcs/gui/widget/WidgetChat.cpp">
			<Option target="nibbler"/>
		</Unit>
		<Unit filename="/Users/alexandreroulin/work/nibbler/srcs/gui/widget/WidgetChat.hpp">
			<Option target="nibbler"/>
		</Unit>
		<Unit filename="/Users/alexandreroulin/work/nibbler/srcs/gui/widget/WidgetExit.cpp">
			<Option target="nibbler"/>
		</Unit>
		<Unit filename="/Users/alexandreroulin/work/nibbler/srcs/gui/widget/WidgetExit.hpp">
			<Option target="nibbler"/>
		</Unit>
		<Unit filename="/Users/alexandreroulin/work/nibbler/srcs/gui/widget/WidgetLobby.cpp">
			<Option target="nibbler"/>
		</Unit>
		<Unit filename="/Users/alexandreroulin/work/nibbler/srcs/gui/widget/WidgetLobby.hpp">
			<Option target="nibbler"/>
		</Unit>
		<Unit filename="/Users/alexandreroulin/work/nibbler/srcs/gui/widget/WidgetOption.cpp">
			<Option target="nibbler"/>
		</Unit>
		<Unit filename="/Users/alexandreroulin/work/nibbler/srcs/gui/widget/WidgetOption.hpp">
			<Option target="nibbler"/>
		</Unit>
		<Unit filename="/Users/alexandreroulin/work/nibbler/srcs/gui/widget/WidgetSnake.cpp">
			<Option target="nibbler"/>
		</Unit>
		<Unit filename="/Users/alexandreroulin/work/nibbler/srcs/gui/widget/WidgetSnake.hpp">
			<Option target="nibbler"/>
		</Unit>
		<Unit filename="/Users/alexandreroulin/work/nibbler/srcs/logger/display/logger_debug.cpp">
			<Option target="nibbler"/>
		</Unit>
		<Unit filename="/Users/alexandreroulin/work/nibbler/srcs/logger/display/logger_error.cpp">
			<Option target="nibbler"/>
		</Unit>
		<Unit filename="/Users/alexandreroulin/work/nibbler/srcs/logger/display/logger_fatal.cpp">
			<Option target="nibbler"/>
		</Unit>
		<Unit filename="/Users/alexandreroulin/work/nibbler/srcs/logger/display/logger_info.cpp">
			<Option target="nibbler"/>
		</Unit>
		<Unit filename="/Users/alexandreroulin/work/nibbler/srcs/logger/display/logger_success.cpp">
			<Option target="nibbler"/>
		</Unit>
		<Unit filename="/Users/alexandreroulin/work/nibbler/srcs/logger/display/logger_trace.cpp">
			<Option target="nibbler"/>
		</Unit>
		<Unit filename="/Users/alexandreroulin/work/nibbler/srcs/logger/display/logger_warn.cpp">
			<Option target="nibbler"/>
		</Unit>
		<Unit filename="/Users/alexandreroulin/work/nibbler/srcs/logger/logger/logger_init.cpp">
			<Option target="nibbler"/>
		</Unit>
		<Unit filename="/Users/alexandreroulin/work/nibbler/srcs/logger/utils/logger_get_time.cpp">
			<Option target="nibbler"/>
		</Unit>
		<Unit filename="/Users/alexandreroulin/work/nibbler/srcs/logger/utils/logger_init_open_file.cpp">
			<Option target="nibbler"/>
		</Unit>
		<Unit filename="/Users/alexandreroulin/work/nibbler/srcs/network/ClientTCP.cpp">
			<Option target="nibbler"/>
		</Unit>
		<Unit filename="/Users/alexandreroulin/work/nibbler/srcs/network/ClientTCP.hpp">
			<Option target="nibbler"/>
		</Unit>
		<Unit filename="/Users/alexandreroulin/work/nibbler/srcs/network/Network.cpp">
			<Option target="nibbler"/>
		</Unit>
		<Unit filename="/Users/alexandreroulin/work/nibbler/srcs/network/Network.hpp">
			<Option target="nibbler"/>
		</Unit>
		<Unit filename="/Users/alexandreroulin/work/nibbler/srcs/network/ServerTCP.cpp">
			<Option target="nibbler"/>
		</Unit>
		<Unit filename="/Users/alexandreroulin/work/nibbler/srcs/network/ServerTCP.hpp">
			<Option target="nibbler"/>
		</Unit>
		<Unit filename="/Users/alexandreroulin/work/nibbler/srcs/network/UtilsTCP.cpp">
			<Option target="nibbler"/>
		</Unit>
		<Unit filename="/Users/alexandreroulin/work/nibbler/srcs/network/UtilsTCP.hpp">
			<Option target="nibbler"/>
		</Unit>
		<Unit filename="/Users/alexandreroulin/work/nibbler/srcs/network/chat_message.hpp">
			<Option target="nibbler"/>
		</Unit>
		<Unit filename="/Users/alexandreroulin/work/nibbler/srcs/systems/CollisionSystem.cpp">
			<Option target="nibbler"/>
		</Unit>
		<Unit filename="/Users/alexandreroulin/work/nibbler/srcs/systems/CollisionSystem.hpp">
			<Option target="nibbler"/>
		</Unit>
		<Unit filename="/Users/alexandreroulin/work/nibbler/srcs/systems/FollowSystem.cpp">
			<Option target="nibbler"/>
		</Unit>
		<Unit filename="/Users/alexandreroulin/work/nibbler/srcs/systems/FollowSystem.hpp">
			<Option target="nibbler"/>
		</Unit>
		<Unit filename="/Users/alexandreroulin/work/nibbler/srcs/systems/FoodSystem.cpp">
			<Option target="nibbler"/>
		</Unit>
		<Unit filename="/Users/alexandreroulin/work/nibbler/srcs/systems/FoodSystem.hpp">
			<Option target="nibbler"/>
		</Unit>
		<Unit filename="/Users/alexandreroulin/work/nibbler/srcs/systems/JoystickSystem.cpp">
			<Option target="nibbler"/>
		</Unit>
		<Unit filename="/Users/alexandreroulin/work/nibbler/srcs/systems/JoystickSystem.hpp">
			<Option target="nibbler"/>
		</Unit>
		<Unit filename="/Users/alexandreroulin/work/nibbler/srcs/systems/MotionSystem.cpp">
			<Option target="nibbler"/>
		</Unit>
		<Unit filename="/Users/alexandreroulin/work/nibbler/srcs/systems/MotionSystem.hpp">
			<Option target="nibbler"/>
		</Unit>
		<Unit filename="/Users/alexandreroulin/work/nibbler/srcs/systems/RenderSystem.cpp">
			<Option target="nibbler"/>
		</Unit>
		<Unit filename="/Users/alexandreroulin/work/nibbler/srcs/systems/RenderSystem.hpp">
			<Option target="nibbler"/>
		</Unit>
		<Unit filename="/Users/alexandreroulin/work/nibbler/CMakeLists.txt">
			<Option virtualFolder="CMake Files\"/>
		</Unit>
	</Project>
</CodeBlocks_project_file>
